dependencies:
- name: backend
  repository: file://charts/backend
  version: 0.1.0
- name: frontend
  repository: file://charts/frontend
  version: 0.1.0
- name: postgresql
  repository: https://kubelauncher.github.io/charts
  version: 0.4.3
digest: sha256:1bc9d4fa428dcc8da69f0b658628fbdab5f335d0d8c2a1f55d38a27029856e14
generated: "2026-09-15T12:10:33.334009634+03:00"
