dependencies:
- name: backend
  repository: file://charts/backend
  version: 0.1.0
- name: frontend
  repository: file://charts/frontend
  version: 0.1.0
- name: postgresql
  repository: file://charts/postgresql
  version: 0.1.0
digest: sha256:b71200a8d6f5128f4e57f803f9a394ac3023429c70859bcb03743607bde7e8c7
generated: "2026-09-18T16:54:10.455151912+03:00"
